
Microsoft Visual Studio Solution File, Format Version 10.00
# Visual Basic Express 2008
Project("{F184B08F-C81C-45F6-A57F-5ABD9991F28F}") = "Банк Свобода", "Банк Свобода.vbproj", "{B6C8D500-AD12-41ED-A97E-7299DB3B7F8E}"
EndProject
Global
	GlobalSection(SolutionConfigurationPlatforms) = preSolution
		Debug|Any CPU = Debug|Any CPU
		Release|Any CPU = Release|Any CPU
	EndGlobalSection
	GlobalSection(ProjectConfigurationPlatforms) = postSolution
		{B6C8D500-AD12-41ED-A97E-7299DB3B7F8E}.Debug|Any CPU.ActiveCfg = Debug|Any CPU
		{B6C8D500-AD12-41ED-A97E-7299DB3B7F8E}.Debug|Any CPU.Build.0 = Debug|Any CPU
		{B6C8D500-AD12-41ED-A97E-7299DB3B7F8E}.Release|Any CPU.ActiveCfg = Release|Any CPU
		{B6C8D500-AD12-41ED-A97E-7299DB3B7F8E}.Release|Any CPU.Build.0 = Release|Any CPU
	EndGlobalSection
	GlobalSection(SolutionProperties) = preSolution
		HideSolutionNode = FALSE
	EndGlobalSection
EndGlobal
